// !$*UTF8*$!
{
	archiveVersion = 1;
	classes = {
	};
	objectVersion = 56;
	objects = {

/* Begin PBXBuildFile section */
		896167622A7C193B006EC006 /* ToDoCell.swift in Sources */ = {isa = PBXBuildFile; fileRef = 896167612A7C193B006EC006 /* ToDoCell.swift */; };
		89A4D1302A8A954700DD176D /* FMDatabaseQueue.m in Sources */ = {isa = PBXBuildFile; fileRef = 89A4D1252A8A954700DD176D /* FMDatabaseQueue.m */; };
		89A4D1312A8A954700DD176D /* FMDatabase.m in Sources */ = {isa = PBXBuildFile; fileRef = 89A4D1292A8A954700DD176D /* FMDatabase.m */; };
		89A4D1322A8A954700DD176D /* FMDatabasePool.m in Sources */ = {isa = PBXBuildFile; fileRef = 89A4D12B2A8A954700DD176D /* FMDatabasePool.m */; };
		89A4D1332A8A954700DD176D /* FMDatabaseAdditions.m in Sources */ = {isa = PBXBuildFile; fileRef = 89A4D12E2A8A954700DD176D /* FMDatabaseAdditions.m */; };
		89A4D1342A8A954700DD176D /* FMResultSet.m in Sources */ = {isa = PBXBuildFile; fileRef = 89A4D12F2A8A954700DD176D /* FMResultSet.m */; };
		89A4D1362A8A956300DD176D /* todos.sqlite in Resources */ = {isa = PBXBuildFile; fileRef = 89A4D1352A8A956300DD176D /* todos.sqlite */; };
		89CB36CF2A783B42005E2774 /* AppDelegate.swift in Sources */ = {isa = PBXBuildFile; fileRef = 89CB36CE2A783B42005E2774 /* AppDelegate.swift */; };
		89CB36D12A783B42005E2774 /* SceneDelegate.swift in Sources */ = {isa = PBXBuildFile; fileRef = 89CB36D02A783B42005E2774 /* SceneDelegate.swift */; };
		89CB36D32A783B42005E2774 /* MainPage.swift in Sources */ = {isa = PBXBuildFile; fileRef = 89CB36D22A783B42005E2774 /* MainPage.swift */; };
		89CB36D62A783B42005E2774 /* Main.storyboard in Resources */ = {isa = PBXBuildFile; fileRef = 89CB36D42A783B42005E2774 /* Main.storyboard */; };
		89CB36D82A783B44005E2774 /* Assets.xcassets in Resources */ = {isa = PBXBuildFile; fileRef = 89CB36D72A783B44005E2774 /* Assets.xcassets */; };
		89CB36DB2A783B44005E2774 /* LaunchScreen.storyboard in Resources */ = {isa = PBXBuildFile; fileRef = 89CB36D92A783B44005E2774 /* LaunchScreen.storyboard */; };
		89CB36E72A783BE5005E2774 /* DetailPage.swift in Sources */ = {isa = PBXBuildFile; fileRef = 89CB36E62A783BE5005E2774 /* DetailPage.swift */; };
		89CB36E92A783C15005E2774 /* SavePage.swift in Sources */ = {isa = PBXBuildFile; fileRef = 89CB36E82A783C15005E2774 /* SavePage.swift */; };
		89CB36EB2A785511005E2774 /* ToDos.swift in Sources */ = {isa = PBXBuildFile; fileRef = 89CB36EA2A785511005E2774 /* ToDos.swift */; };
		89D957DD2A8580B300721F23 /* MainPageViewModel.swift in Sources */ = {isa = PBXBuildFile; fileRef = 89D957DC2A8580B300721F23 /* MainPageViewModel.swift */; };
		89D957DF2A8580C300721F23 /* DetailPageViewModel.swift in Sources */ = {isa = PBXBuildFile; fileRef = 89D957DE2A8580C300721F23 /* DetailPageViewModel.swift */; };
		89D957E12A85810D00721F23 /* SavePageViewModel.swift in Sources */ = {isa = PBXBuildFile; fileRef = 89D957E02A85810D00721F23 /* SavePageViewModel.swift */; };
		89D957E42A85819A00721F23 /* ToDosDaoRepository.swift in Sources */ = {isa = PBXBuildFile; fileRef = 89D957E32A85819A00721F23 /* ToDosDaoRepository.swift */; };
		89D957E72A8587A000721F23 /* RxSwift in Frameworks */ = {isa = PBXBuildFile; productRef = 89D957E62A8587A000721F23 /* RxSwift */; };
/* End PBXBuildFile section */

/* Begin PBXFileReference section */
		896167612A7C193B006EC006 /* ToDoCell.swift */ = {isa = PBXFileReference; lastKnownFileType = sourcecode.swift; path = ToDoCell.swift; sourceTree = "<group>"; };
		89A4D1232A8A94EF00DD176D /* libsqlite3.tbd */ = {isa = PBXFileReference; lastKnownFileType = "sourcecode.text-based-dylib-definition"; name = libsqlite3.tbd; path = usr/lib/libsqlite3.tbd; sourceTree = SDKROOT; };
		89A4D1242A8A954600DD176D /* ToDoApp-Bridging-Header.h */ = {isa = PBXFileReference; lastKnownFileType = sourcecode.c.h; path = "ToDoApp-Bridging-Header.h"; sourceTree = "<group>"; };
		89A4D1252A8A954700DD176D /* FMDatabaseQueue.m */ = {isa = PBXFileReference; fileEncoding = 4; lastKnownFileType = sourcecode.c.objc; path = FMDatabaseQueue.m; sourceTree = "<group>"; };
		89A4D1262A8A954700DD176D /* FMDatabaseAdditions.h */ = {isa = PBXFileReference; fileEncoding = 4; lastKnownFileType = sourcecode.c.h; path = FMDatabaseAdditions.h; sourceTree = "<group>"; };
		89A4D1272A8A954700DD176D /* FMDatabase.h */ = {isa = PBXFileReference; fileEncoding = 4; lastKnownFileType = sourcecode.c.h; path = FMDatabase.h; sourceTree = "<group>"; };
		89A4D1282A8A954700DD176D /* FMDB.h */ = {isa = PBXFileReference; fileEncoding = 4; lastKnownFileType = sourcecode.c.h; path = FMDB.h; sourceTree = "<group>"; };
		89A4D1292A8A954700DD176D /* FMDatabase.m */ = {isa = PBXFileReference; fileEncoding = 4; lastKnownFileType = sourcecode.c.objc; path = FMDatabase.m; sourceTree = "<group>"; };
		89A4D12A2A8A954700DD176D /* FMDatabaseQueue.h */ = {isa = PBXFileReference; fileEncoding = 4; lastKnownFileType = sourcecode.c.h; path = FMDatabaseQueue.h; sourceTree = "<group>"; };
		89A4D12B2A8A954700DD176D /* FMDatabasePool.m */ = {isa = PBXFileReference; fileEncoding = 4; lastKnownFileType = sourcecode.c.objc; path = FMDatabasePool.m; sourceTree = "<group>"; };
		89A4D12C2A8A954700DD176D /* FMDatabasePool.h */ = {isa = PBXFileReference; fileEncoding = 4; lastKnownFileType = sourcecode.c.h; path = FMDatabasePool.h; sourceTree = "<group>"; };
		89A4D12D2A8A954700DD176D /* FMResultSet.h */ = {isa = PBXFileReference; fileEncoding = 4; lastKnownFileType = sourcecode.c.h; path = FMResultSet.h; sourceTree = "<group>"; };
		89A4D12E2A8A954700DD176D /* FMDatabaseAdditions.m */ = {isa = PBXFileReference; fileEncoding = 4; lastKnownFileType = sourcecode.c.objc; path = FMDatabaseAdditions.m; sourceTree = "<group>"; };
		89A4D12F2A8A954700DD176D /* FMResultSet.m */ = {isa = PBXFileReference; fileEncoding = 4; lastKnownFileType = sourcecode.c.objc; path = FMResultSet.m; sourceTree = "<group>"; };
		89A4D1352A8A956300DD176D /* todos.sqlite */ = {isa = PBXFileReference; lastKnownFileType = file; path = todos.sqlite; sourceTree = "<group>"; };
		89CB36CB2A783B42005E2774 /* ToDoApp.app */ = {isa = PBXFileReference; explicitFileType = wrapper.application; includeInIndex = 0; path = ToDoApp.app; sourceTree = BUILT_PRODUCTS_DIR; };
		89CB36CE2A783B42005E2774 /* AppDelegate.swift */ = {isa = PBXFileReference; lastKnownFileType = sourcecode.swift; path = AppDelegate.swift; sourceTree = "<group>"; };
		89CB36D02A783B42005E2774 /* SceneDelegate.swift */ = {isa = PBXFileReference; lastKnownFileType = sourcecode.swift; path = SceneDelegate.swift; sourceTree = "<group>"; };
		89CB36D22A783B42005E2774 /* MainPage.swift */ = {isa = PBXFileReference; lastKnownFileType = sourcecode.swift; path = MainPage.swift; sourceTree = "<group>"; };
		89CB36D52A783B42005E2774 /* Base */ = {isa = PBXFileReference; lastKnownFileType = file.storyboard; name = Base; path = Base.lproj/Main.storyboard; sourceTree = "<group>"; };
		89CB36D72A783B44005E2774 /* Assets.xcassets */ = {isa = PBXFileReference; lastKnownFileType = folder.assetcatalog; path = Assets.xcassets; sourceTree = "<group>"; };
		89CB36DA2A783B44005E2774 /* Base */ = {isa = PBXFileReference; lastKnownFileType = file.storyboard; name = Base; path = Base.lproj/LaunchScreen.storyboard; sourceTree = "<group>"; };
		89CB36DC2A783B44005E2774 /* Info.plist */ = {isa = PBXFileReference; lastKnownFileType = text.plist.xml; path = Info.plist; sourceTree = "<group>"; };
		89CB36E62A783BE5005E2774 /* DetailPage.swift */ = {isa = PBXFileReference; lastKnownFileType = sourcecode.swift; path = DetailPage.swift; sourceTree = "<group>"; };
		89CB36E82A783C15005E2774 /* SavePage.swift */ = {isa = PBXFileReference; lastKnownFileType = sourcecode.swift; path = SavePage.swift; sourceTree = "<group>"; };
		89CB36EA2A785511005E2774 /* ToDos.swift */ = {isa = PBXFileReference; lastKnownFileType = sourcecode.swift; path = ToDos.swift; sourceTree = "<group>"; };
		89D957DC2A8580B300721F23 /* MainPageViewModel.swift */ = {isa = PBXFileReference; lastKnownFileType = sourcecode.swift; path = MainPageViewModel.swift; sourceTree = "<group>"; };
		89D957DE2A8580C300721F23 /* DetailPageViewModel.swift */ = {isa = PBXFileReference; lastKnownFileType = sourcecode.swift; path = DetailPageViewModel.swift; sourceTree = "<group>"; };
		89D957E02A85810D00721F23 /* SavePageViewModel.swift */ = {isa = PBXFileReference; lastKnownFileType = sourcecode.swift; path = SavePageViewModel.swift; sourceTree = "<group>"; };
		89D957E32A85819A00721F23 /* ToDosDaoRepository.swift */ = {isa = PBXFileReference; lastKnownFileType = sourcecode.swift; path = ToDosDaoRepository.swift; sourceTree = "<group>"; };
/* End PBXFileReference section */

/* Begin PBXFrameworksBuildPhase section */
		89CB36C82A783B42005E2774 /* Frameworks */ = {
			isa = PBXFrameworksBuildPhase;
			buildActionMask = 2147483647;
			files = (
				89D957E72A8587A000721F23 /* RxSwift in Frameworks */,
			);
			runOnlyForDeploymentPostprocessing = 0;
		};
/* End PBXFrameworksBuildPhase section */

/* Begin PBXGroup section */
		896167602A7C1926006EC006 /* tableview */ = {
			isa = PBXGroup;
			children = (
				896167612A7C193B006EC006 /* ToDoCell.swift */,
			);
			path = tableview;
			sourceTree = "<group>";
		};
		89A4D1222A8A94EE00DD176D /* Frameworks */ = {
			isa = PBXGroup;
			children = (
				89A4D1232A8A94EF00DD176D /* libsqlite3.tbd */,
			);
			name = Frameworks;
			sourceTree = "<group>";
		};
		89CB36C22A783B42005E2774 = {
			isa = PBXGroup;
			children = (
				89CB36CD2A783B42005E2774 /* ToDoApp */,
				89CB36CC2A783B42005E2774 /* Products */,
				89A4D1222A8A94EE00DD176D /* Frameworks */,
			);
			sourceTree = "<group>";
		};
		89CB36CC2A783B42005E2774 /* Products */ = {
			isa = PBXGroup;
			children = (
				89CB36CB2A783B42005E2774 /* ToDoApp.app */,
			);
			name = Products;
			sourceTree = "<group>";
		};
		89CB36CD2A783B42005E2774 /* ToDoApp */ = {
			isa = PBXGroup;
			children = (
				89CB36E22A783B5F005E2774 /* ui */,
				89CB36E32A783B67005E2774 /* data */,
				89CB36CE2A783B42005E2774 /* AppDelegate.swift */,
				89CB36D02A783B42005E2774 /* SceneDelegate.swift */,
				89CB36D42A783B42005E2774 /* Main.storyboard */,
				89CB36D72A783B44005E2774 /* Assets.xcassets */,
				89CB36D92A783B44005E2774 /* LaunchScreen.storyboard */,
				89CB36DC2A783B44005E2774 /* Info.plist */,
				89A4D1352A8A956300DD176D /* todos.sqlite */,
				89A4D1272A8A954700DD176D /* FMDatabase.h */,
				89A4D1292A8A954700DD176D /* FMDatabase.m */,
				89A4D1262A8A954700DD176D /* FMDatabaseAdditions.h */,
				89A4D12E2A8A954700DD176D /* FMDatabaseAdditions.m */,
				89A4D12C2A8A954700DD176D /* FMDatabasePool.h */,
				89A4D12B2A8A954700DD176D /* FMDatabasePool.m */,
				89A4D12A2A8A954700DD176D /* FMDatabaseQueue.h */,
				89A4D1252A8A954700DD176D /* FMDatabaseQueue.m */,
				89A4D1282A8A954700DD176D /* FMDB.h */,
				89A4D12D2A8A954700DD176D /* FMResultSet.h */,
				89A4D12F2A8A954700DD176D /* FMResultSet.m */,
				89A4D1242A8A954600DD176D /* ToDoApp-Bridging-Header.h */,
			);
			path = ToDoApp;
			sourceTree = "<group>";
		};
		89CB36E22A783B5F005E2774 /* ui */ = {
			isa = PBXGroup;
			children = (
				89D957DB2A85809F00721F23 /* viewmodel */,
				896167602A7C1926006EC006 /* tableview */,
				89CB36E52A783B96005E2774 /* views */,
			);
			path = ui;
			sourceTree = "<group>";
		};
		89CB36E32A783B67005E2774 /* data */ = {
			isa = PBXGroup;
			children = (
				89D957E22A85818400721F23 /* repo */,
				89CB36E42A783B8D005E2774 /* entity */,
			);
			path = data;
			sourceTree = "<group>";
		};
		89CB36E42A783B8D005E2774 /* entity */ = {
			isa = PBXGroup;
			children = (
				89CB36EA2A785511005E2774 /* ToDos.swift */,
			);
			path = entity;
			sourceTree = "<group>";
		};
		89CB36E52A783B96005E2774 /* views */ = {
			isa = PBXGroup;
			children = (
				89CB36D22A783B42005E2774 /* MainPage.swift */,
				89CB36E62A783BE5005E2774 /* DetailPage.swift */,
				89CB36E82A783C15005E2774 /* SavePage.swift */,
			);
			path = views;
			sourceTree = "<group>";
		};
		89D957DB2A85809F00721F23 /* viewmodel */ = {
			isa = PBXGroup;
			children = (
				89D957DC2A8580B300721F23 /* MainPageViewModel.swift */,
				89D957DE2A8580C300721F23 /* DetailPageViewModel.swift */,
				89D957E02A85810D00721F23 /* SavePageViewModel.swift */,
			);
			path = viewmodel;
			sourceTree = "<group>";
		};
		89D957E22A85818400721F23 /* repo */ = {
			isa = PBXGroup;
			children = (
				89D957E32A85819A00721F23 /* ToDosDaoRepository.swift */,
			);
			path = repo;
			sourceTree = "<group>";
		};
/* End PBXGroup section */

/* Begin PBXNativeTarget section */
		89CB36CA2A783B42005E2774 /* ToDoApp */ = {
			isa = PBXNativeTarget;
			buildConfigurationList = 89CB36DF2A783B44005E2774 /* Build configuration list for PBXNativeTarget "ToDoApp" */;
			buildPhases = (
				89CB36C72A783B42005E2774 /* Sources */,
				89CB36C82A783B42005E2774 /* Frameworks */,
				89CB36C92A783B42005E2774 /* Resources */,
			);
			buildRules = (
			);
			dependencies = (
			);
			name = ToDoApp;
			packageProductDependencies = (
				89D957E62A8587A000721F23 /* RxSwift */,
			);
			productName = ToDoApp;
			productReference = 89CB36CB2A783B42005E2774 /* ToDoApp.app */;
			productType = "com.apple.product-type.application";
		};
/* End PBXNativeTarget section */

/* Begin PBXProject section */
		89CB36C32A783B42005E2774 /* Project object */ = {
			isa = PBXProject;
			attributes = {
				BuildIndependentTargetsInParallel = 1;
				LastSwiftUpdateCheck = 1430;
				LastUpgradeCheck = 1430;
				TargetAttributes = {
					89CB36CA2A783B42005E2774 = {
						CreatedOnToolsVersion = 14.3.1;
						LastSwiftMigration = 1430;
					};
				};
			};
			buildConfigurationList = 89CB36C62A783B42005E2774 /* Build configuration list for PBXProject "ToDoApp" */;
			compatibilityVersion = "Xcode 14.0";
			developmentRegion = en;
			hasScannedForEncodings = 0;
			knownRegions = (
				en,
				Base,
			);
			mainGroup = 89CB36C22A783B42005E2774;
			packageReferences = (
				89D957E52A8587A000721F23 /* XCRemoteSwiftPackageReference "RxSwift" */,
			);
			productRefGroup = 89CB36CC2A783B42005E2774 /* Products */;
			projectDirPath = "";
			projectRoot = "";
			targets = (
				89CB36CA2A783B42005E2774 /* ToDoApp */,
			);
		};
/* End PBXProject section */

/* Begin PBXResourcesBuildPhase section */
		89CB36C92A783B42005E2774 /* Resources */ = {
			isa = PBXResourcesBuildPhase;
			buildActionMask = 2147483647;
			files = (
				89CB36DB2A783B44005E2774 /* LaunchScreen.storyboard in Resources */,
				89A4D1362A8A956300DD176D /* todos.sqlite in Resources */,
				89CB36D82A783B44005E2774 /* Assets.xcassets in Resources */,
				89CB36D62A783B42005E2774 /* Main.storyboard in Resources */,
			);
			runOnlyForDeploymentPostprocessing = 0;
		};
/* End PBXResourcesBuildPhase section */

/* Begin PBXSourcesBuildPhase section */
		89CB36C72A783B42005E2774 /* Sources */ = {
			isa = PBXSourcesBuildPhase;
			buildActionMask = 2147483647;
			files = (
				89D957DD2A8580B300721F23 /* MainPageViewModel.swift in Sources */,
				89CB36D32A783B42005E2774 /* MainPage.swift in Sources */,
				89A4D1312A8A954700DD176D /* FMDatabase.m in Sources */,
				89CB36CF2A783B42005E2774 /* AppDelegate.swift in Sources */,
				89D957DF2A8580C300721F23 /* DetailPageViewModel.swift in Sources */,
				896167622A7C193B006EC006 /* ToDoCell.swift in Sources */,
				89A4D1342A8A954700DD176D /* FMResultSet.m in Sources */,
				89A4D1302A8A954700DD176D /* FMDatabaseQueue.m in Sources */,
				89D957E42A85819A00721F23 /* ToDosDaoRepository.swift in Sources */,
				89CB36D12A783B42005E2774 /* SceneDelegate.swift in Sources */,
				89CB36E72A783BE5005E2774 /* DetailPage.swift in Sources */,
				89CB36E92A783C15005E2774 /* SavePage.swift in Sources */,
				89A4D1322A8A954700DD176D /* FMDatabasePool.m in Sources */,
				89D957E12A85810D00721F23 /* SavePageViewModel.swift in Sources */,
				89CB36EB2A785511005E2774 /* ToDos.swift in Sources */,
				89A4D1332A8A954700DD176D /* FMDatabaseAdditions.m in Sources */,
			);
			runOnlyForDeploymentPostprocessing = 0;
		};
/* End PBXSourcesBuildPhase section */

/* Begin PBXVariantGroup section */
		89CB36D42A783B42005E2774 /* Main.storyboard */ = {
			isa = PBXVariantGroup;
			children = (
				89CB36D52A783B42005E2774 /* Base */,
			);
			name = Main.storyboard;
			sourceTree = "<group>";
		};
		89CB36D92A783B44005E2774 /* LaunchScreen.storyboard */ = {
			isa = PBXVariantGroup;
			children = (
				89CB36DA2A783B44005E2774 /* Base */,
			);
			name = LaunchScreen.storyboard;
			sourceTree = "<group>";
		};
/* End PBXVariantGroup section */

/* Begin XCBuildConfiguration section */
		89CB36DD2A783B44005E2774 /* Debug */ = {
			isa = XCBuildConfiguration;
			buildSettings = {
				ALWAYS_SEARCH_USER_PATHS = NO;
				CLANG_ANALYZER_NONNULL = YES;
				CLANG_ANALYZER_NUMBER_OBJECT_CONVERSION = YES_AGGRESSIVE;
				CLANG_CXX_LANGUAGE_STANDARD = "gnu++20";
				CLANG_ENABLE_MODULES = YES;
				CLANG_ENABLE_OBJC_ARC = YES;
				CLANG_ENABLE_OBJC_WEAK = YES;
				CLANG_WARN_BLOCK_CAPTURE_AUTORELEASING = YES;
				CLANG_WARN_BOOL_CONVERSION = YES;
				CLANG_WARN_COMMA = YES;
				CLANG_WARN_CONSTANT_CONVERSION = YES;
				CLANG_WARN_DEPRECATED_OBJC_IMPLEMENTATIONS = YES;
				CLANG_WARN_DIRECT_OBJC_ISA_USAGE = YES_ERROR;
				CLANG_WARN_DOCUMENTATION_COMMENTS = YES;
				CLANG_WARN_EMPTY_BODY = YES;
				CLANG_WARN_ENUM_CONVERSION = YES;
				CLANG_WARN_INFINITE_RECURSION = YES;
				CLANG_WARN_INT_CONVERSION = YES;
				CLANG_WARN_NON_LITERAL_NULL_CONVERSION = YES;
				CLANG_WARN_OBJC_IMPLICIT_RETAIN_SELF = YES;
				CLANG_WARN_OBJC_LITERAL_CONVERSION = YES;
				CLANG_WARN_OBJC_ROOT_CLASS = YES_ERROR;
				CLANG_WARN_QUOTED_INCLUDE_IN_FRAMEWORK_HEADER = YES;
				CLANG_WARN_RANGE_LOOP_ANALYSIS = YES;
				CLANG_WARN_STRICT_PROTOTYPES = YES;
				CLANG_WARN_SUSPICIOUS_MOVE = YES;
				CLANG_WARN_UNGUARDED_AVAILABILITY = YES_AGGRESSIVE;
				CLANG_WARN_UNREACHABLE_CODE = YES;
				CLANG_WARN__DUPLICATE_METHOD_MATCH = YES;
				COPY_PHASE_STRIP = NO;
				DEBUG_INFORMATION_FORMAT = dwarf;
				ENABLE_STRICT_OBJC_MSGSEND = YES;
				ENABLE_TESTABILITY = YES;
				GCC_C_LANGUAGE_STANDARD = gnu11;
				GCC_DYNAMIC_NO_PIC = NO;
				GCC_NO_COMMON_BLOCKS = YES;
				GCC_OPTIMIZATION_LEVEL = 0;
				GCC_PREPROCESSOR_DEFINITIONS = (
					"DEBUG=1",
					"$(inherited)",
				);
				GCC_WARN_64_TO_32_BIT_CONVERSION = YES;
				GCC_WARN_ABOUT_RETURN_TYPE = YES_ERROR;
				GCC_WARN_UNDECLARED_SELECTOR = YES;
				GCC_WARN_UNINITIALIZED_AUTOS = YES_AGGRESSIVE;
				GCC_WARN_UNUSED_FUNCTION = YES;
				GCC_WARN_UNUSED_VARIABLE = YES;
				IPHONEOS_DEPLOYMENT_TARGET = 16.4;
				MTL_ENABLE_DEBUG_INFO = INCLUDE_SOURCE;
				MTL_FAST_MATH = YES;
				ONLY_ACTIVE_ARCH = YES;
				SDKROOT = iphoneos;
				SWIFT_ACTIVE_COMPILATION_CONDITIONS = DEBUG;
				SWIFT_OPTIMIZATION_LEVEL = "-Onone";
			};
			name = Debug;
		};
		89CB36DE2A783B44005E2774 /* Release */ = {
			isa = XCBuildConfiguration;
			buildSettings = {
				ALWAYS_SEARCH_USER_PATHS = NO;
				CLANG_ANALYZER_NONNULL = YES;
				CLANG_ANALYZER_NUMBER_OBJECT_CONVERSION = YES_AGGRESSIVE;
				CLANG_CXX_LANGUAGE_STANDARD = "gnu++20";
				CLANG_ENABLE_MODULES = YES;
				CLANG_ENABLE_OBJC_ARC = YES;
				CLANG_ENABLE_OBJC_WEAK = YES;
				CLANG_WARN_BLOCK_CAPTURE_AUTORELEASING = YES;
				CLANG_WARN_BOOL_CONVERSION = YES;
				CLANG_WARN_COMMA = YES;
				CLANG_WARN_CONSTANT_CONVERSION = YES;
				CLANG_WARN_DEPRECATED_OBJC_IMPLEMENTATIONS = YES;
				CLANG_WARN_DIRECT_OBJC_ISA_USAGE = YES_ERROR;
				CLANG_WARN_DOCUMENTATION_COMMENTS = YES;
				CLANG_WARN_EMPTY_BODY = YES;
				CLANG_WARN_ENUM_CONVERSION = YES;
				CLANG_WARN_INFINITE_RECURSION = YES;
				CLANG_WARN_INT_CONVERSION = YES;
				CLANG_WARN_NON_LITERAL_NULL_CONVERSION = YES;
				CLANG_WARN_OBJC_IMPLICIT_RETAIN_SELF = YES;
				CLANG_WARN_OBJC_LITERAL_CONVERSION = YES;
				CLANG_WARN_OBJC_ROOT_CLASS = YES_ERROR;
				CLANG_WARN_QUOTED_INCLUDE_IN_FRAMEWORK_HEADER = YES;
				CLANG_WARN_RANGE_LOOP_ANALYSIS = YES;
				CLANG_WARN_STRICT_PROTOTYPES = YES;
				CLANG_WARN_SUSPICIOUS_MOVE = YES;
				CLANG_WARN_UNGUARDED_AVAILABILITY = YES_AGGRESSIVE;
				CLANG_WARN_UNREACHABLE_CODE = YES;
				CLANG_WARN__DUPLICATE_METHOD_MATCH = YES;
				COPY_PHASE_STRIP = NO;
				DEBUG_INFORMATION_FORMAT = "dwarf-with-dsym";
				ENABLE_NS_ASSERTIONS = NO;
				ENABLE_STRICT_OBJC_MSGSEND = YES;
				GCC_C_LANGUAGE_STANDARD = gnu11;
				GCC_NO_COMMON_BLOCKS = YES;
				GCC_WARN_64_TO_32_BIT_CONVERSION = YES;
				GCC_WARN_ABOUT_RETURN_TYPE = YES_ERROR;
				GCC_WARN_UNDECLARED_SELECTOR = YES;
				GCC_WARN_UNINITIALIZED_AUTOS = YES_AGGRESSIVE;
				GCC_WARN_UNUSED_FUNCTION = YES;
				GCC_WARN_UNUSED_VARIABLE = YES;
				IPHONEOS_DEPLOYMENT_TARGET = 16.4;
				MTL_ENABLE_DEBUG_INFO = NO;
				MTL_FAST_MATH = YES;
				SDKROOT = iphoneos;
				SWIFT_COMPILATION_MODE = wholemodule;
				SWIFT_OPTIMIZATION_LEVEL = "-O";
				VALIDATE_PRODUCT = YES;
			};
			name = Release;
		};
		89CB36E02A783B44005E2774 /* Debug */ = {
			isa = XCBuildConfiguration;
			buildSettings = {
				ASSETCATALOG_COMPILER_APPICON_NAME = AppIcon;
				ASSETCATALOG_COMPILER_GLOBAL_ACCENT_COLOR_NAME = AccentColor;
				CLANG_ENABLE_MODULES = YES;
				CODE_SIGN_STYLE = Automatic;
				CURRENT_PROJECT_VERSION = 1;
				DEVELOPMENT_TEAM = QV4625ZAU9;
				GENERATE_INFOPLIST_FILE = YES;
				INFOPLIST_FILE = ToDoApp/Info.plist;
				INFOPLIST_KEY_UIApplicationSupportsIndirectInputEvents = YES;
				INFOPLIST_KEY_UILaunchStoryboardName = LaunchScreen;
				INFOPLIST_KEY_UIMainStoryboardFile = Main;
				INFOPLIST_KEY_UISupportedInterfaceOrientations_iPad = "UIInterfaceOrientationPortrait UIInterfaceOrientationPortraitUpsideDown UIInterfaceOrientationLandscapeLeft UIInterfaceOrientationLandscapeRight";
				INFOPLIST_KEY_UISupportedInterfaceOrientations_iPhone = "UIInterfaceOrientationPortrait UIInterfaceOrientationLandscapeLeft UIInterfaceOrientationLandscapeRight";
				LD_RUNPATH_SEARCH_PATHS = (
					"$(inherited)",
					"@executable_path/Frameworks",
				);
				MARKETING_VERSION = 1.0;
				PRODUCT_BUNDLE_IDENTIFIER = com.oznurolcek.ToDoApp;
				PRODUCT_NAME = "$(TARGET_NAME)";
				SWIFT_EMIT_LOC_STRINGS = YES;
				SWIFT_OBJC_BRIDGING_HEADER = "ToDoApp/ToDoApp-Bridging-Header.h";
				SWIFT_OPTIMIZATION_LEVEL = "-Onone";
				SWIFT_VERSION = 5.0;
				TARGETED_DEVICE_FAMILY = "1,2";
			};
			name = Debug;
		};
		89CB36E12A783B44005E2774 /* Release */ = {
			isa = XCBuildConfiguration;
			buildSettings = {
				ASSETCATALOG_COMPILER_APPICON_NAME = AppIcon;
				ASSETCATALOG_COMPILER_GLOBAL_ACCENT_COLOR_NAME = AccentColor;
				CLANG_ENABLE_MODULES = YES;
				CODE_SIGN_STYLE = Automatic;
				CURRENT_PROJECT_VERSION = 1;
				DEVELOPMENT_TEAM = QV4625ZAU9;
				GENERATE_INFOPLIST_FILE = YES;
				INFOPLIST_FILE = ToDoApp/Info.plist;
				INFOPLIST_KEY_UIApplicationSupportsIndirectInputEvents = YES;
				INFOPLIST_KEY_UILaunchStoryboardName = LaunchScreen;
				INFOPLIST_KEY_UIMainStoryboardFile = Main;
				INFOPLIST_KEY_UISupportedInterfaceOrientations_iPad = "UIInterfaceOrientationPortrait UIInterfaceOrientationPortraitUpsideDown UIInterfaceOrientationLandscapeLeft UIInterfaceOrientationLandscapeRight";
				INFOPLIST_KEY_UISupportedInterfaceOrientations_iPhone = "UIInterfaceOrientationPortrait UIInterfaceOrientationLandscapeLeft UIInterfaceOrientationLandscapeRight";
				LD_RUNPATH_SEARCH_PATHS = (
					"$(inherited)",
					"@executable_path/Frameworks",
				);
				MARKETING_VERSION = 1.0;
				PRODUCT_BUNDLE_IDENTIFIER = com.oznurolcek.ToDoApp;
				PRODUCT_NAME = "$(TARGET_NAME)";
				SWIFT_EMIT_LOC_STRINGS = YES;
				SWIFT_OBJC_BRIDGING_HEADER = "ToDoApp/ToDoApp-Bridging-Header.h";
				SWIFT_VERSION = 5.0;
				TARGETED_DEVICE_FAMILY = "1,2";
			};
			name = Release;
		};
/* End XCBuildConfiguration section */

/* Begin XCConfigurationList section */
		89CB36C62A783B42005E2774 /* Build configuration list for PBXProject "ToDoApp" */ = {
			isa = XCConfigurationList;
			buildConfigurations = (
				89CB36DD2A783B44005E2774 /* Debug */,
				89CB36DE2A783B44005E2774 /* Release */,
			);
			defaultConfigurationIsVisible = 0;
			defaultConfigurationName = Release;
		};
		89CB36DF2A783B44005E2774 /* Build configuration list for PBXNativeTarget "ToDoApp" */ = {
			isa = XCConfigurationList;
			buildConfigurations = (
				89CB36E02A783B44005E2774 /* Debug */,
				89CB36E12A783B44005E2774 /* Release */,
			);
			defaultConfigurationIsVisible = 0;
			defaultConfigurationName = Release;
		};
/* End XCConfigurationList section */

/* Begin XCRemoteSwiftPackageReference section */
		89D957E52A8587A000721F23 /* XCRemoteSwiftPackageReference "RxSwift" */ = {
			isa = XCRemoteSwiftPackageReference;
			repositoryURL = "https://github.com/ReactiveX/RxSwift";
			requirement = {
				kind = upToNextMajorVersion;
				minimumVersion = 6.0.0;
			};
		};
/* End XCRemoteSwiftPackageReference section */

/* Begin XCSwiftPackageProductDependency section */
		89D957E62A8587A000721F23 /* RxSwift */ = {
			isa = XCSwiftPackageProductDependency;
			package = 89D957E52A8587A000721F23 /* XCRemoteSwiftPackageReference "RxSwift" */;
			productName = RxSwift;
		};
/* End XCSwiftPackageProductDependency section */
	};
	rootObject = 89CB36C32A783B42005E2774 /* Project object */;
}
